# This file is automatically @generated by Cargo.
# It is not intended for manual editing.
version = 4

[[package]]
name = "vidmesh-kernel"
version = "0.0.1"

[[package]]
name = "vidmesh-node"
version = "0.0.1"

[[package]]
name = "vidmesh-relay"
version = "0.0.1"

[[package]]
name = "vidmesh-wasm"
version = "0.0.1"
